<?xml version="1.0" encoding="utf-8"?>
<Project ToolsVersion="4.0" xmlns="http://schemas.microsoft.com/developer/msbuild/2003">
  <ItemGroup>
    <Filter Include="Resource Files">
      <UniqueIdentifier>{D9D6E242-F8AF-46E4-B9FD-80ECBC20BA3E}</UniqueIdentifier>
      <Extensions>qrc;*</Extensions>
      <ParseFiles>false</ParseFiles>
    </Filter>
    <Filter Include="gui">
      <UniqueIdentifier>{4316a181-24a5-4f26-9704-35e6de2050bb}</UniqueIdentifier>
    </Filter>
    <Filter Include="gui\main">
      <UniqueIdentifier>{2b13a279-0650-4939-9a9d-ce57f8af6018}</UniqueIdentifier>
    </Filter>
    <Filter Include="gui\process_list">
      <UniqueIdentifier>{9e4fefc4-75d3-41cc-b603-42dc07829e3c}</UniqueIdentifier>
    </Filter>
    <Filter Include="main">
      <UniqueIdentifier>{4FC737F1-C7A5-4376-A066-2A32D752A2FF}</UniqueIdentifier>
      <Extensions>cpp;cxx;c;def</Extensions>
    </Filter>
    <Filter Include="JHEngine">
      <UniqueIdentifier>{53484aa1-ddb7-4b13-b3c6-e7ce77d08875}</UniqueIdentifier>
    </Filter>
    <Filter Include="JHEngine\process">
      <UniqueIdentifier>{031dff93-42f5-4b5d-91b8-210ce0e90a7c}</UniqueIdentifier>
    </Filter>
    <Filter Include="JHEngine\gui">
      <UniqueIdentifier>{3c0fb293-1f22-4cd6-9a8e-ebc692ff1185}</UniqueIdentifier>
    </Filter>
    <Filter Include="gui\memory_viewer">
      <UniqueIdentifier>{9e4b40c4-30bd-4841-9f62-a23e0de9f7d9}</UniqueIdentifier>
    </Filter>
    <Filter Include="JHEngine\disassembler">
      <UniqueIdentifier>{31ed78d3-34a4-4778-90fd-ab80e3db0c21}</UniqueIdentifier>
    </Filter>
    <Filter Include="JHEngine\storage">
      <UniqueIdentifier>{3ff51a16-0b22-4d5f-a404-32ef51462775}</UniqueIdentifier>
    </Filter>
    <Filter Include="Generated Files">
      <UniqueIdentifier>{71ED8ED8-ACB9-4CE9-BBE1-E00B30144E11}</UniqueIdentifier>
      <Extensions>moc;h;cpp</Extensions>
      <ParseFiles>true</ParseFiles>
    </Filter>
    <Filter Include="Generated Files\Debug">
      <UniqueIdentifier>{6a3f41da-6490-4829-b1bd-b848dc672e8f}</UniqueIdentifier>
      <Extensions>cpp;moc</Extensions>
      <SourceControlFiles>False</SourceControlFiles>
    </Filter>
    <Filter Include="Generated Files\Release">
      <UniqueIdentifier>{0ca20cf2-8035-4178-8650-20edc820ef3f}</UniqueIdentifier>
      <Extensions>cpp;moc</Extensions>
      <SourceControlFiles>False</SourceControlFiles>
    </Filter>
    <Filter Include="gui\goto_address">
      <UniqueIdentifier>{17b810fd-7dd8-41eb-bf47-f1e8c9877754}</UniqueIdentifier>
    </Filter>
  </ItemGroup>
  <ItemGroup>
    <ClCompile Include="main.cpp">
      <Filter>main</Filter>
    </ClCompile>
    <ClCompile Include="GeneratedFiles\qrc_jhengine.cpp">
      <Filter>Resource Files</Filter>
    </ClCompile>
    <ClCompile Include="GeneratedFiles\Release\moc_jhengine.cpp">
      <Filter>gui\main</Filter>
    </ClCompile>
    <ClCompile Include="GeneratedFiles\Release\moc_process_list.cpp">
      <Filter>gui\process_list</Filter>
    </ClCompile>
    <ClCompile Include="GeneratedFiles\Debug\moc_jhengine.cpp">
      <Filter>gui\main</Filter>
    </ClCompile>
    <ClCompile Include="GeneratedFiles\Debug\moc_process_list.cpp">
      <Filter>gui\process_list</Filter>
    </ClCompile>
    <ClCompile Include="jhengine.cpp">
      <Filter>gui\main</Filter>
    </ClCompile>
    <ClCompile Include="process_list.cpp">
      <Filter>gui\process_list</Filter>
    </ClCompile>
    <ClCompile Include="jh_qtgui.cpp">
      <Filter>JHEngine\gui</Filter>
    </ClCompile>
    <ClCompile Include="memory_viewer.cpp">
      <Filter>gui\memory_viewer</Filter>
    </ClCompile>
    <ClCompile Include="GeneratedFiles\Release\moc_memory_viewer.cpp">
      <Filter>gui\memory_viewer</Filter>
    </ClCompile>
    <ClCompile Include="GeneratedFiles\Debug\moc_memory_viewer.cpp">
      <Filter>gui\memory_viewer</Filter>
    </ClCompile>
    <ClCompile Include="jh_process.cpp">
      <Filter>JHEngine\process</Filter>
    </ClCompile>
    <ClCompile Include="jh_data_storage.cpp">
      <Filter>JHEngine\storage</Filter>
    </ClCompile>
    <ClCompile Include="jh_disasm.cpp">
      <Filter>JHEngine\disassembler</Filter>
    </ClCompile>
  </ItemGroup>
  <ItemGroup>
    <CustomBuild Include="jhengine.qrc">
      <Filter>Resource Files</Filter>
    </CustomBuild>
    <CustomBuild Include="jhengine.ui">
      <Filter>gui\main</Filter>
    </CustomBuild>
    <CustomBuild Include="jhengine.h">
      <Filter>gui\main</Filter>
    </CustomBuild>
    <CustomBuild Include="process_list.h">
      <Filter>gui\process_list</Filter>
    </CustomBuild>
    <CustomBuild Include="process_list.ui">
      <Filter>gui\process_list</Filter>
    </CustomBuild>
    <CustomBuild Include="memory_viewer.ui">
      <Filter>gui\memory_viewer</Filter>
    </CustomBuild>
    <CustomBuild Include="memory_viewer.h">
      <Filter>gui\memory_viewer</Filter>
    </CustomBuild>
  </ItemGroup>
  <ItemGroup>
    <ClInclude Include="GeneratedFiles\ui_jhengine.h">
      <Filter>gui\main</Filter>
    </ClInclude>
    <ClInclude Include="GeneratedFiles\ui_process_list.h">
      <Filter>gui\process_list</Filter>
    </ClInclude>
    <ClInclude Include="jh_process.h">
      <Filter>JHEngine\process</Filter>
    </ClInclude>
    <ClInclude Include="jh_qtgui.h">
      <Filter>JHEngine\gui</Filter>
    </ClInclude>
    <ClInclude Include="GeneratedFiles\ui_memory_viewer.h">
      <Filter>gui\memory_viewer</Filter>
    </ClInclude>
    <ClInclude Include="jh_data_storage.h">
      <Filter>JHEngine\storage</Filter>
    </ClInclude>
    <ClInclude Include="jh_disasm.h">
      <Filter>JHEngine\disassembler</Filter>
    </ClInclude>
  </ItemGroup>
</Project>